// !$*UTF8*$!
{
	archiveVersion = 1;
	classes = {
	};
	objectVersion = 55;
	objects = {

/* Begin PBXBuildFile section */
		4AA132D52858500B00CAA9E7 /* Tests_iOS.swift in Sources */ = {isa = PBXBuildFile; fileRef = 4AA132D42858500B00CAA9E7 /* Tests_iOS.swift */; };
		4AA132D72858500B00CAA9E7 /* Tests_iOSLaunchTests.swift in Sources */ = {isa = PBXBuildFile; fileRef = 4AA132D62858500B00CAA9E7 /* Tests_iOSLaunchTests.swift */; };
		4AA132E12858500B00CAA9E7 /* Tests_macOS.swift in Sources */ = {isa = PBXBuildFile; fileRef = 4AA132E02858500B00CAA9E7 /* Tests_macOS.swift */; };
		4AA132E32858500B00CAA9E7 /* Tests_macOSLaunchTests.swift in Sources */ = {isa = PBXBuildFile; fileRef = 4AA132E22858500B00CAA9E7 /* Tests_macOSLaunchTests.swift */; };
		4AA132E42858500B00CAA9E7 /* swiftlyApp.swift in Sources */ = {isa = PBXBuildFile; fileRef = 4AA132BC2858500400CAA9E7 /* swiftlyApp.swift */; };
		4AA132E52858500B00CAA9E7 /* swiftlyApp.swift in Sources */ = {isa = PBXBuildFile; fileRef = 4AA132BC2858500400CAA9E7 /* swiftlyApp.swift */; };
		4AA132E62858500B00CAA9E7 /* ContentView.swift in Sources */ = {isa = PBXBuildFile; fileRef = 4AA132BD2858500400CAA9E7 /* ContentView.swift */; };
		4AA132E72858500B00CAA9E7 /* ContentView.swift in Sources */ = {isa = PBXBuildFile; fileRef = 4AA132BD2858500400CAA9E7 /* ContentView.swift */; };
		4AA132E82858500B00CAA9E7 /* Assets.xcassets in Resources */ = {isa = PBXBuildFile; fileRef = 4AA132BE2858500A00CAA9E7 /* Assets.xcassets */; };
		4AA132E92858500B00CAA9E7 /* Assets.xcassets in Resources */ = {isa = PBXBuildFile; fileRef = 4AA132BE2858500A00CAA9E7 /* Assets.xcassets */; };
/* End PBXBuildFile section */

/* Begin PBXContainerItemProxy section */
		4AA132D12858500B00CAA9E7 /* PBXContainerItemProxy */ = {
			isa = PBXContainerItemProxy;
			containerPortal = 4AA132B72858500300CAA9E7 /* Project object */;
			proxyType = 1;
			remoteGlobalIDString = 4AA132C22858500A00CAA9E7;
			remoteInfo = "swiftly (iOS)";
		};
		4AA132DD2858500B00CAA9E7 /* PBXContainerItemProxy */ = {
			isa = PBXContainerItemProxy;
			containerPortal = 4AA132B72858500300CAA9E7 /* Project object */;
			proxyType = 1;
			remoteGlobalIDString = 4AA132C82858500A00CAA9E7;
			remoteInfo = "swiftly (macOS)";
		};
/* End PBXContainerItemProxy section */

/* Begin PBXFileReference section */
		4AA132BC2858500400CAA9E7 /* swiftlyApp.swift */ = {isa = PBXFileReference; lastKnownFileType = sourcecode.swift; path = swiftlyApp.swift; sourceTree = "<group>"; };
		4AA132BD2858500400CAA9E7 /* ContentView.swift */ = {isa = PBXFileReference; lastKnownFileType = sourcecode.swift; path = ContentView.swift; sourceTree = "<group>"; };
		4AA132BE2858500A00CAA9E7 /* Assets.xcassets */ = {isa = PBXFileReference; lastKnownFileType = folder.assetcatalog; path = Assets.xcassets; sourceTree = "<group>"; };
		4AA132C32858500A00CAA9E7 /* swiftly.app */ = {isa = PBXFileReference; explicitFileType = wrapper.application; includeInIndex = 0; path = swiftly.app; sourceTree = BUILT_PRODUCTS_DIR; };
		4AA132C92858500A00CAA9E7 /* swiftly.app */ = {isa = PBXFileReference; explicitFileType = wrapper.application; includeInIndex = 0; path = swiftly.app; sourceTree = BUILT_PRODUCTS_DIR; };
		4AA132CB2858500A00CAA9E7 /* macOS.entitlements */ = {isa = PBXFileReference; lastKnownFileType = text.plist.entitlements; path = macOS.entitlements; sourceTree = "<group>"; };
		4AA132D02858500B00CAA9E7 /* Tests iOS.xctest */ = {isa = PBXFileReference; explicitFileType = wrapper.cfbundle; includeInIndex = 0; path = "Tests iOS.xctest"; sourceTree = BUILT_PRODUCTS_DIR; };
		4AA132D42858500B00CAA9E7 /* Tests_iOS.swift */ = {isa = PBXFileReference; lastKnownFileType = sourcecode.swift; path = Tests_iOS.swift; sourceTree = "<group>"; };
		4AA132D62858500B00CAA9E7 /* Tests_iOSLaunchTests.swift */ = {isa = PBXFileReference; lastKnownFileType = sourcecode.swift; path = Tests_iOSLaunchTests.swift; sourceTree = "<group>"; };
		4AA132DC2858500B00CAA9E7 /* Tests macOS.xctest */ = {isa = PBXFileReference; explicitFileType = wrapper.cfbundle; includeInIndex = 0; path = "Tests macOS.xctest"; sourceTree = BUILT_PRODUCTS_DIR; };
		4AA132E02858500B00CAA9E7 /* Tests_macOS.swift */ = {isa = PBXFileReference; lastKnownFileType = sourcecode.swift; path = Tests_macOS.swift; sourceTree = "<group>"; };
		4AA132E22858500B00CAA9E7 /* Tests_macOSLaunchTests.swift */ = {isa = PBXFileReference; lastKnownFileType = sourcecode.swift; path = Tests_macOSLaunchTests.swift; sourceTree = "<group>"; };
/* End PBXFileReference section */

/* Begin PBXFrameworksBuildPhase section */
		4AA132C02858500A00CAA9E7 /* Frameworks */ = {
			isa = PBXFrameworksBuildPhase;
			buildActionMask = 2147483647;
			files = (
			);
			runOnlyForDeploymentPostprocessing = 0;
		};
		4AA132C62858500A00CAA9E7 /* Frameworks */ = {
			isa = PBXFrameworksBuildPhase;
			buildActionMask = 2147483647;
			files = (
			);
			runOnlyForDeploymentPostprocessing = 0;
		};
		4AA132CD2858500B00CAA9E7 /* Frameworks */ = {
			isa = PBXFrameworksBuildPhase;
			buildActionMask = 2147483647;
			files = (
			);
			runOnlyForDeploymentPostprocessing = 0;
		};
		4AA132D92858500B00CAA9E7 /* Frameworks */ = {
			isa = PBXFrameworksBuildPhase;
			buildActionMask = 2147483647;
			files = (
			);
			runOnlyForDeploymentPostprocessing = 0;
		};
/* End PBXFrameworksBuildPhase section */

/* Begin PBXGroup section */
		4AA132B62858500300CAA9E7 = {
			isa = PBXGroup;
			children = (
				4AA132BB2858500400CAA9E7 /* Shared */,
				4AA132CA2858500A00CAA9E7 /* macOS */,
				4AA132D32858500B00CAA9E7 /* Tests iOS */,
				4AA132DF2858500B00CAA9E7 /* Tests macOS */,
				4AA132C42858500A00CAA9E7 /* Products */,
			);
			sourceTree = "<group>";
		};
		4AA132BB2858500400CAA9E7 /* Shared */ = {
			isa = PBXGroup;
			children = (
				4AA132BC2858500400CAA9E7 /* swiftlyApp.swift */,
				4AA132BD2858500400CAA9E7 /* ContentView.swift */,
				4AA132BE2858500A00CAA9E7 /* Assets.xcassets */,
			);
			path = Shared;
			sourceTree = "<group>";
		};
		4AA132C42858500A00CAA9E7 /* Products */ = {
			isa = PBXGroup;
			children = (
				4AA132C32858500A00CAA9E7 /* swiftly.app */,
				4AA132C92858500A00CAA9E7 /* swiftly.app */,
				4AA132D02858500B00CAA9E7 /* Tests iOS.xctest */,
				4AA132DC2858500B00CAA9E7 /* Tests macOS.xctest */,
			);
			name = Products;
			sourceTree = "<group>";
		};
		4AA132CA2858500A00CAA9E7 /* macOS */ = {
			isa = PBXGroup;
			children = (
				4AA132CB2858500A00CAA9E7 /* macOS.entitlements */,
			);
			path = macOS;
			sourceTree = "<group>";
		};
		4AA132D32858500B00CAA9E7 /* Tests iOS */ = {
			isa = PBXGroup;
			children = (
				4AA132D42858500B00CAA9E7 /* Tests_iOS.swift */,
				4AA132D62858500B00CAA9E7 /* Tests_iOSLaunchTests.swift */,
			);
			path = "Tests iOS";
			sourceTree = "<group>";
		};
		4AA132DF2858500B00CAA9E7 /* Tests macOS */ = {
			isa = PBXGroup;
			children = (
				4AA132E02858500B00CAA9E7 /* Tests_macOS.swift */,
				4AA132E22858500B00CAA9E7 /* Tests_macOSLaunchTests.swift */,
			);
			path = "Tests macOS";
			sourceTree = "<group>";
		};
/* End PBXGroup section */

/* Begin PBXNativeTarget section */
		4AA132C22858500A00CAA9E7 /* swiftly (iOS) */ = {
			isa = PBXNativeTarget;
			buildConfigurationList = 4AA132EC2858500B00CAA9E7 /* Build configuration list for PBXNativeTarget "swiftly (iOS)" */;
			buildPhases = (
				4AA132BF2858500A00CAA9E7 /* Sources */,
				4AA132C02858500A00CAA9E7 /* Frameworks */,
				4AA132C12858500A00CAA9E7 /* Resources */,
			);
			buildRules = (
			);
			dependencies = (
			);
			name = "swiftly (iOS)";
			productName = "swiftly (iOS)";
			productReference = 4AA132C32858500A00CAA9E7 /* swiftly.app */;
			productType = "com.apple.product-type.application";
		};
		4AA132C82858500A00CAA9E7 /* swiftly (macOS) */ = {
			isa = PBXNativeTarget;
			buildConfigurationList = 4AA132EF2858500B00CAA9E7 /* Build configuration list for PBXNativeTarget "swiftly (macOS)" */;
			buildPhases = (
				4AA132C52858500A00CAA9E7 /* Sources */,
				4AA132C62858500A00CAA9E7 /* Frameworks */,
				4AA132C72858500A00CAA9E7 /* Resources */,
			);
			buildRules = (
			);
			dependencies = (
			);
			name = "swiftly (macOS)";
			productName = "swiftly (macOS)";
			productReference = 4AA132C92858500A00CAA9E7 /* swiftly.app */;
			productType = "com.apple.product-type.application";
		};
		4AA132CF2858500B00CAA9E7 /* Tests iOS */ = {
			isa = PBXNativeTarget;
			buildConfigurationList = 4AA132F22858500B00CAA9E7 /* Build configuration list for PBXNativeTarget "Tests iOS" */;
			buildPhases = (
				4AA132CC2858500B00CAA9E7 /* Sources */,
				4AA132CD2858500B00CAA9E7 /* Frameworks */,
				4AA132CE2858500B00CAA9E7 /* Resources */,
			);
			buildRules = (
			);
			dependencies = (
				4AA132D22858500B00CAA9E7 /* PBXTargetDependency */,
			);
			name = "Tests iOS";
			productName = "Tests iOS";
			productReference = 4AA132D02858500B00CAA9E7 /* Tests iOS.xctest */;
			productType = "com.apple.product-type.bundle.ui-testing";
		};
		4AA132DB2858500B00CAA9E7 /* Tests macOS */ = {
			isa = PBXNativeTarget;
			buildConfigurationList = 4AA132F52858500B00CAA9E7 /* Build configuration list for PBXNativeTarget "Tests macOS" */;
			buildPhases = (
				4AA132D82858500B00CAA9E7 /* Sources */,
				4AA132D92858500B00CAA9E7 /* Frameworks */,
				4AA132DA2858500B00CAA9E7 /* Resources */,
			);
			buildRules = (
			);
			dependencies = (
				4AA132DE2858500B00CAA9E7 /* PBXTargetDependency */,
			);
			name = "Tests macOS";
			productName = "Tests macOS";
			productReference = 4AA132DC2858500B00CAA9E7 /* Tests macOS.xctest */;
			productType = "com.apple.product-type.bundle.ui-testing";
		};
/* End PBXNativeTarget section */

/* Begin PBXProject section */
		4AA132B72858500300CAA9E7 /* Project object */ = {
			isa = PBXProject;
			attributes = {
				BuildIndependentTargetsInParallel = 1;
				LastSwiftUpdateCheck = 1340;
				LastUpgradeCheck = 1340;
				TargetAttributes = {
					4AA132C22858500A00CAA9E7 = {
						CreatedOnToolsVersion = 13.4.1;
					};
					4AA132C82858500A00CAA9E7 = {
						CreatedOnToolsVersion = 13.4.1;
					};
					4AA132CF2858500B00CAA9E7 = {
						CreatedOnToolsVersion = 13.4.1;
						TestTargetID = 4AA132C22858500A00CAA9E7;
					};
					4AA132DB2858500B00CAA9E7 = {
						CreatedOnToolsVersion = 13.4.1;
						TestTargetID = 4AA132C82858500A00CAA9E7;
					};
				};
			};
			buildConfigurationList = 4AA132BA2858500300CAA9E7 /* Build configuration list for PBXProject "swiftly" */;
			compatibilityVersion = "Xcode 13.0";
			developmentRegion = en;
			hasScannedForEncodings = 0;
			knownRegions = (
				en,
				Base,
			);
			mainGroup = 4AA132B62858500300CAA9E7;
			productRefGroup = 4AA132C42858500A00CAA9E7 /* Products */;
			projectDirPath = "";
			projectRoot = "";
			targets = (
				4AA132C22858500A00CAA9E7 /* swiftly (iOS) */,
				4AA132C82858500A00CAA9E7 /* swiftly (macOS) */,
				4AA132CF2858500B00CAA9E7 /* Tests iOS */,
				4AA132DB2858500B00CAA9E7 /* Tests macOS */,
			);
		};
/* End PBXProject section */

/* Begin PBXResourcesBuildPhase section */
		4AA132C12858500A00CAA9E7 /* Resources */ = {
			isa = PBXResourcesBuildPhase;
			buildActionMask = 2147483647;
			files = (
				4AA132E82858500B00CAA9E7 /* Assets.xcassets in Resources */,
			);
			runOnlyForDeploymentPostprocessing = 0;
		};
		4AA132C72858500A00CAA9E7 /* Resources */ = {
			isa = PBXResourcesBuildPhase;
			buildActionMask = 2147483647;
			files = (
				4AA132E92858500B00CAA9E7 /* Assets.xcassets in Resources */,
			);
			runOnlyForDeploymentPostprocessing = 0;
		};
		4AA132CE2858500B00CAA9E7 /* Resources */ = {
			isa = PBXResourcesBuildPhase;
			buildActionMask = 2147483647;
			files = (
			);
			runOnlyForDeploymentPostprocessing = 0;
		};
		4AA132DA2858500B00CAA9E7 /* Resources */ = {
			isa = PBXResourcesBuildPhase;
			buildActionMask = 2147483647;
			files = (
			);
			runOnlyForDeploymentPostprocessing = 0;
		};
/* End PBXResourcesBuildPhase section */

/* Begin PBXSourcesBuildPhase section */
		4AA132BF2858500A00CAA9E7 /* Sources */ = {
			isa = PBXSourcesBuildPhase;
			buildActionMask = 2147483647;
			files = (
				4AA132E62858500B00CAA9E7 /* ContentView.swift in Sources */,
				4AA132E42858500B00CAA9E7 /* swiftlyApp.swift in Sources */,
			);
			runOnlyForDeploymentPostprocessing = 0;
		};
		4AA132C52858500A00CAA9E7 /* Sources */ = {
			isa = PBXSourcesBuildPhase;
			buildActionMask = 2147483647;
			files = (
				4AA132E72858500B00CAA9E7 /* ContentView.swift in Sources */,
				4AA132E52858500B00CAA9E7 /* swiftlyApp.swift in Sources */,
			);
			runOnlyForDeploymentPostprocessing = 0;
		};
		4AA132CC2858500B00CAA9E7 /* Sources */ = {
			isa = PBXSourcesBuildPhase;
			buildActionMask = 2147483647;
			files = (
				4AA132D72858500B00CAA9E7 /* Tests_iOSLaunchTests.swift in Sources */,
				4AA132D52858500B00CAA9E7 /* Tests_iOS.swift in Sources */,
			);
			runOnlyForDeploymentPostprocessing = 0;
		};
		4AA132D82858500B00CAA9E7 /* Sources */ = {
			isa = PBXSourcesBuildPhase;
			buildActionMask = 2147483647;
			files = (
				4AA132E32858500B00CAA9E7 /* Tests_macOSLaunchTests.swift in Sources */,
				4AA132E12858500B00CAA9E7 /* Tests_macOS.swift in Sources */,
			);
			runOnlyForDeploymentPostprocessing = 0;
		};
/* End PBXSourcesBuildPhase section */

/* Begin PBXTargetDependency section */
		4AA132D22858500B00CAA9E7 /* PBXTargetDependency */ = {
			isa = PBXTargetDependency;
			target = 4AA132C22858500A00CAA9E7 /* swiftly (iOS) */;
			targetProxy = 4AA132D12858500B00CAA9E7 /* PBXContainerItemProxy */;
		};
		4AA132DE2858500B00CAA9E7 /* PBXTargetDependency */ = {
			isa = PBXTargetDependency;
			target = 4AA132C82858500A00CAA9E7 /* swiftly (macOS) */;
			targetProxy = 4AA132DD2858500B00CAA9E7 /* PBXContainerItemProxy */;
		};
/* End PBXTargetDependency section */

/* Begin XCBuildConfiguration section */
		4AA132EA2858500B00CAA9E7 /* Debug */ = {
			isa = XCBuildConfiguration;
			buildSettings = {
				ALWAYS_SEARCH_USER_PATHS = NO;
				CLANG_ANALYZER_NONNULL = YES;
				CLANG_ANALYZER_NUMBER_OBJECT_CONVERSION = YES_AGGRESSIVE;
				CLANG_CXX_LANGUAGE_STANDARD = "gnu++17";
				CLANG_ENABLE_MODULES = YES;
				CLANG_ENABLE_OBJC_ARC = YES;
				CLANG_ENABLE_OBJC_WEAK = YES;
				CLANG_WARN_BLOCK_CAPTURE_AUTORELEASING = YES;
				CLANG_WARN_BOOL_CONVERSION = YES;
				CLANG_WARN_COMMA = YES;
				CLANG_WARN_CONSTANT_CONVERSION = YES;
				CLANG_WARN_DEPRECATED_OBJC_IMPLEMENTATIONS = YES;
				CLANG_WARN_DIRECT_OBJC_ISA_USAGE = YES_ERROR;
				CLANG_WARN_DOCUMENTATION_COMMENTS = YES;
				CLANG_WARN_EMPTY_BODY = YES;
				CLANG_WARN_ENUM_CONVERSION = YES;
				CLANG_WARN_INFINITE_RECURSION = YES;
				CLANG_WARN_INT_CONVERSION = YES;
				CLANG_WARN_NON_LITERAL_NULL_CONVERSION = YES;
				CLANG_WARN_OBJC_IMPLICIT_RETAIN_SELF = YES;
				CLANG_WARN_OBJC_LITERAL_CONVERSION = YES;
				CLANG_WARN_OBJC_ROOT_CLASS = YES_ERROR;
				CLANG_WARN_QUOTED_INCLUDE_IN_FRAMEWORK_HEADER = YES;
				CLANG_WARN_RANGE_LOOP_ANALYSIS = YES;
				CLANG_WARN_STRICT_PROTOTYPES = YES;
				CLANG_WARN_SUSPICIOUS_MOVE = YES;
				CLANG_WARN_UNGUARDED_AVAILABILITY = YES_AGGRESSIVE;
				CLANG_WARN_UNREACHABLE_CODE = YES;
				CLANG_WARN__DUPLICATE_METHOD_MATCH = YES;
				COPY_PHASE_STRIP = NO;
				DEBUG_INFORMATION_FORMAT = dwarf;
				ENABLE_STRICT_OBJC_MSGSEND = YES;
				ENABLE_TESTABILITY = YES;
				GCC_C_LANGUAGE_STANDARD = gnu11;
				GCC_DYNAMIC_NO_PIC = NO;
				GCC_NO_COMMON_BLOCKS = YES;
				GCC_OPTIMIZATION_LEVEL = 0;
				GCC_PREPROCESSOR_DEFINITIONS = (
					"DEBUG=1",
					"$(inherited)",
				);
				GCC_WARN_64_TO_32_BIT_CONVERSION = YES;
				GCC_WARN_ABOUT_RETURN_TYPE = YES_ERROR;
				GCC_WARN_UNDECLARED_SELECTOR = YES;
				GCC_WARN_UNINITIALIZED_AUTOS = YES_AGGRESSIVE;
				GCC_WARN_UNUSED_FUNCTION = YES;
				GCC_WARN_UNUSED_VARIABLE = YES;
				MTL_ENABLE_DEBUG_INFO = INCLUDE_SOURCE;
				MTL_FAST_MATH = YES;
				ONLY_ACTIVE_ARCH = YES;
				SWIFT_ACTIVE_COMPILATION_CONDITIONS = DEBUG;
				SWIFT_OPTIMIZATION_LEVEL = "-Onone";
			};
			name = Debug;
		};
		4AA132EB2858500B00CAA9E7 /* Release */ = {
			isa = XCBuildConfiguration;
			buildSettings = {
				ALWAYS_SEARCH_USER_PATHS = NO;
				CLANG_ANALYZER_NONNULL = YES;
				CLANG_ANALYZER_NUMBER_OBJECT_CONVERSION = YES_AGGRESSIVE;
				CLANG_CXX_LANGUAGE_STANDARD = "gnu++17";
				CLANG_ENABLE_MODULES = YES;
				CLANG_ENABLE_OBJC_ARC = YES;
				CLANG_ENABLE_OBJC_WEAK = YES;
				CLANG_WARN_BLOCK_CAPTURE_AUTORELEASING = YES;
				CLANG_WARN_BOOL_CONVERSION = YES;
				CLANG_WARN_COMMA = YES;
				CLANG_WARN_CONSTANT_CONVERSION = YES;
				CLANG_WARN_DEPRECATED_OBJC_IMPLEMENTATIONS = YES;
				CLANG_WARN_DIRECT_OBJC_ISA_USAGE = YES_ERROR;
				CLANG_WARN_DOCUMENTATION_COMMENTS = YES;
				CLANG_WARN_EMPTY_BODY = YES;
				CLANG_WARN_ENUM_CONVERSION = YES;
				CLANG_WARN_INFINITE_RECURSION = YES;
				CLANG_WARN_INT_CONVERSION = YES;
				CLANG_WARN_NON_LITERAL_NULL_CONVERSION = YES;
				CLANG_WARN_OBJC_IMPLICIT_RETAIN_SELF = YES;
				CLANG_WARN_OBJC_LITERAL_CONVERSION = YES;
				CLANG_WARN_OBJC_ROOT_CLASS = YES_ERROR;
				CLANG_WARN_QUOTED_INCLUDE_IN_FRAMEWORK_HEADER = YES;
				CLANG_WARN_RANGE_LOOP_ANALYSIS = YES;
				CLANG_WARN_STRICT_PROTOTYPES = YES;
				CLANG_WARN_SUSPICIOUS_MOVE = YES;
				CLANG_WARN_UNGUARDED_AVAILABILITY = YES_AGGRESSIVE;
				CLANG_WARN_UNREACHABLE_CODE = YES;
				CLANG_WARN__DUPLICATE_METHOD_MATCH = YES;
				COPY_PHASE_STRIP = NO;
				DEBUG_INFORMATION_FORMAT = "dwarf-with-dsym";
				ENABLE_NS_ASSERTIONS = NO;
				ENABLE_STRICT_OBJC_MSGSEND = YES;
				GCC_C_LANGUAGE_STANDARD = gnu11;
				GCC_NO_COMMON_BLOCKS = YES;
				GCC_WARN_64_TO_32_BIT_CONVERSION = YES;
				GCC_WARN_ABOUT_RETURN_TYPE = YES_ERROR;
				GCC_WARN_UNDECLARED_SELECTOR = YES;
				GCC_WARN_UNINITIALIZED_AUTOS = YES_AGGRESSIVE;
				GCC_WARN_UNUSED_FUNCTION = YES;
				GCC_WARN_UNUSED_VARIABLE = YES;
				MTL_ENABLE_DEBUG_INFO = NO;
				MTL_FAST_MATH = YES;
				SWIFT_COMPILATION_MODE = wholemodule;
				SWIFT_OPTIMIZATION_LEVEL = "-O";
			};
			name = Release;
		};
		4AA132ED2858500B00CAA9E7 /* Debug */ = {
			isa = XCBuildConfiguration;
			buildSettings = {
				ASSETCATALOG_COMPILER_APPICON_NAME = AppIcon;
				ASSETCATALOG_COMPILER_GLOBAL_ACCENT_COLOR_NAME = AccentColor;
				CODE_SIGN_STYLE = Automatic;
				CURRENT_PROJECT_VERSION = 1;
				DEVELOPMENT_TEAM = 87JQ47AYTP;
				ENABLE_PREVIEWS = YES;
				GENERATE_INFOPLIST_FILE = YES;
				INFOPLIST_KEY_UIApplicationSceneManifest_Generation = YES;
				INFOPLIST_KEY_UIApplicationSupportsIndirectInputEvents = YES;
				INFOPLIST_KEY_UILaunchScreen_Generation = YES;
				INFOPLIST_KEY_UISupportedInterfaceOrientations_iPad = "UIInterfaceOrientationPortrait UIInterfaceOrientationPortraitUpsideDown UIInterfaceOrientationLandscapeLeft UIInterfaceOrientationLandscapeRight";
				INFOPLIST_KEY_UISupportedInterfaceOrientations_iPhone = "UIInterfaceOrientationPortrait UIInterfaceOrientationLandscapeLeft UIInterfaceOrientationLandscapeRight";
				IPHONEOS_DEPLOYMENT_TARGET = 15.5;
				LD_RUNPATH_SEARCH_PATHS = (
					"$(inherited)",
					"@executable_path/Frameworks",
				);
				MARKETING_VERSION = 1.0;
				PRODUCT_BUNDLE_IDENTIFIER = com.abidemiope.swiftly;
				PRODUCT_NAME = swiftly;
				SDKROOT = iphoneos;
				SWIFT_EMIT_LOC_STRINGS = YES;
				SWIFT_VERSION = 5.0;
				TARGETED_DEVICE_FAMILY = "1,2";
			};
			name = Debug;
		};
		4AA132EE2858500B00CAA9E7 /* Release */ = {
			isa = XCBuildConfiguration;
			buildSettings = {
				ASSETCATALOG_COMPILER_APPICON_NAME = AppIcon;
				ASSETCATALOG_COMPILER_GLOBAL_ACCENT_COLOR_NAME = AccentColor;
				CODE_SIGN_STYLE = Automatic;
				CURRENT_PROJECT_VERSION = 1;
				DEVELOPMENT_TEAM = 87JQ47AYTP;
				ENABLE_PREVIEWS = YES;
				GENERATE_INFOPLIST_FILE = YES;
				INFOPLIST_KEY_UIApplicationSceneManifest_Generation = YES;
				INFOPLIST_KEY_UIApplicationSupportsIndirectInputEvents = YES;
				INFOPLIST_KEY_UILaunchScreen_Generation = YES;
				INFOPLIST_KEY_UISupportedInterfaceOrientations_iPad = "UIInterfaceOrientationPortrait UIInterfaceOrientationPortraitUpsideDown UIInterfaceOrientationLandscapeLeft UIInterfaceOrientationLandscapeRight";
				INFOPLIST_KEY_UISupportedInterfaceOrientations_iPhone = "UIInterfaceOrientationPortrait UIInterfaceOrientationLandscapeLeft UIInterfaceOrientationLandscapeRight";
				IPHONEOS_DEPLOYMENT_TARGET = 15.5;
				LD_RUNPATH_SEARCH_PATHS = (
					"$(inherited)",
					"@executable_path/Frameworks",
				);
				MARKETING_VERSION = 1.0;
				PRODUCT_BUNDLE_IDENTIFIER = com.abidemiope.swiftly;
				PRODUCT_NAME = swiftly;
				SDKROOT = iphoneos;
				SWIFT_EMIT_LOC_STRINGS = YES;
				SWIFT_VERSION = 5.0;
				TARGETED_DEVICE_FAMILY = "1,2";
				VALIDATE_PRODUCT = YES;
			};
			name = Release;
		};
		4AA132F02858500B00CAA9E7 /* Debug */ = {
			isa = XCBuildConfiguration;
			buildSettings = {
				ASSETCATALOG_COMPILER_APPICON_NAME = AppIcon;
				ASSETCATALOG_COMPILER_GLOBAL_ACCENT_COLOR_NAME = AccentColor;
				CODE_SIGN_ENTITLEMENTS = macOS/macOS.entitlements;
				CODE_SIGN_STYLE = Automatic;
				COMBINE_HIDPI_IMAGES = YES;
				CURRENT_PROJECT_VERSION = 1;
				DEVELOPMENT_TEAM = 87JQ47AYTP;
				ENABLE_HARDENED_RUNTIME = YES;
				ENABLE_PREVIEWS = YES;
				GENERATE_INFOPLIST_FILE = YES;
				INFOPLIST_KEY_NSHumanReadableCopyright = "";
				LD_RUNPATH_SEARCH_PATHS = (
					"$(inherited)",
					"@executable_path/../Frameworks",
				);
				MACOSX_DEPLOYMENT_TARGET = 12.3;
				MARKETING_VERSION = 1.0;
				PRODUCT_BUNDLE_IDENTIFIER = com.abidemiope.swiftly;
				PRODUCT_NAME = swiftly;
				SDKROOT = macosx;
				SWIFT_EMIT_LOC_STRINGS = YES;
				SWIFT_VERSION = 5.0;
			};
			name = Debug;
		};
		4AA132F12858500B00CAA9E7 /* Release */ = {
			isa = XCBuildConfiguration;
			buildSettings = {
				ASSETCATALOG_COMPILER_APPICON_NAME = AppIcon;
				ASSETCATALOG_COMPILER_GLOBAL_ACCENT_COLOR_NAME = AccentColor;
				CODE_SIGN_ENTITLEMENTS = macOS/macOS.entitlements;
				CODE_SIGN_STYLE = Automatic;
				COMBINE_HIDPI_IMAGES = YES;
				CURRENT_PROJECT_VERSION = 1;
				DEVELOPMENT_TEAM = 87JQ47AYTP;
				ENABLE_HARDENED_RUNTIME = YES;
				ENABLE_PREVIEWS = YES;
				GENERATE_INFOPLIST_FILE = YES;
				INFOPLIST_KEY_NSHumanReadableCopyright = "";
				LD_RUNPATH_SEARCH_PATHS = (
					"$(inherited)",
					"@executable_path/../Frameworks",
				);
				MACOSX_DEPLOYMENT_TARGET = 12.3;
				MARKETING_VERSION = 1.0;
				PRODUCT_BUNDLE_IDENTIFIER = com.abidemiope.swiftly;
				PRODUCT_NAME = swiftly;
				SDKROOT = macosx;
				SWIFT_EMIT_LOC_STRINGS = YES;
				SWIFT_VERSION = 5.0;
			};
			name = Release;
		};
		4AA132F32858500B00CAA9E7 /* Debug */ = {
			isa = XCBuildConfiguration;
			buildSettings = {
				ALWAYS_EMBED_SWIFT_STANDARD_LIBRARIES = YES;
				CODE_SIGN_STYLE = Automatic;
				CURRENT_PROJECT_VERSION = 1;
				DEVELOPMENT_TEAM = 87JQ47AYTP;
				GENERATE_INFOPLIST_FILE = YES;
				IPHONEOS_DEPLOYMENT_TARGET = 15.5;
				MARKETING_VERSION = 1.0;
				PRODUCT_BUNDLE_IDENTIFIER = "com.abidemiope.Tests-iOS";
				PRODUCT_NAME = "$(TARGET_NAME)";
				SDKROOT = iphoneos;
				SWIFT_EMIT_LOC_STRINGS = NO;
				SWIFT_VERSION = 5.0;
				TARGETED_DEVICE_FAMILY = "1,2";
				TEST_TARGET_NAME = "swiftly (iOS)";
			};
			name = Debug;
		};
		4AA132F42858500B00CAA9E7 /* Release */ = {
			isa = XCBuildConfiguration;
			buildSettings = {
				ALWAYS_EMBED_SWIFT_STANDARD_LIBRARIES = YES;
				CODE_SIGN_STYLE = Automatic;
				CURRENT_PROJECT_VERSION = 1;
				DEVELOPMENT_TEAM = 87JQ47AYTP;
				GENERATE_INFOPLIST_FILE = YES;
				IPHONEOS_DEPLOYMENT_TARGET = 15.5;
				MARKETING_VERSION = 1.0;
				PRODUCT_BUNDLE_IDENTIFIER = "com.abidemiope.Tests-iOS";
				PRODUCT_NAME = "$(TARGET_NAME)";
				SDKROOT = iphoneos;
				SWIFT_EMIT_LOC_STRINGS = NO;
				SWIFT_VERSION = 5.0;
				TARGETED_DEVICE_FAMILY = "1,2";
				TEST_TARGET_NAME = "swiftly (iOS)";
				VALIDATE_PRODUCT = YES;
			};
			name = Release;
		};
		4AA132F62858500B00CAA9E7 /* Debug */ = {
			isa = XCBuildConfiguration;
			buildSettings = {
				ALWAYS_EMBED_SWIFT_STANDARD_LIBRARIES = YES;
				CODE_SIGN_STYLE = Automatic;
				CURRENT_PROJECT_VERSION = 1;
				DEVELOPMENT_TEAM = 87JQ47AYTP;
				GENERATE_INFOPLIST_FILE = YES;
				MACOSX_DEPLOYMENT_TARGET = 12.3;
				MARKETING_VERSION = 1.0;
				PRODUCT_BUNDLE_IDENTIFIER = "com.abidemiope.Tests-macOS";
				PRODUCT_NAME = "$(TARGET_NAME)";
				SDKROOT = macosx;
				SWIFT_EMIT_LOC_STRINGS = NO;
				SWIFT_VERSION = 5.0;
				TEST_TARGET_NAME = "swiftly (macOS)";
			};
			name = Debug;
		};
		4AA132F72858500B00CAA9E7 /* Release */ = {
			isa = XCBuildConfiguration;
			buildSettings = {
				ALWAYS_EMBED_SWIFT_STANDARD_LIBRARIES = YES;
				CODE_SIGN_STYLE = Automatic;
				CURRENT_PROJECT_VERSION = 1;
				DEVELOPMENT_TEAM = 87JQ47AYTP;
				GENERATE_INFOPLIST_FILE = YES;
				MACOSX_DEPLOYMENT_TARGET = 12.3;
				MARKETING_VERSION = 1.0;
				PRODUCT_BUNDLE_IDENTIFIER = "com.abidemiope.Tests-macOS";
				PRODUCT_NAME = "$(TARGET_NAME)";
				SDKROOT = macosx;
				SWIFT_EMIT_LOC_STRINGS = NO;
				SWIFT_VERSION = 5.0;
				TEST_TARGET_NAME = "swiftly (macOS)";
			};
			name = Release;
		};
/* End XCBuildConfiguration section */

/* Begin XCConfigurationList section */
		4AA132BA2858500300CAA9E7 /* Build configuration list for PBXProject "swiftly" */ = {
			isa = XCConfigurationList;
			buildConfigurations = (
				4AA132EA2858500B00CAA9E7 /* Debug */,
				4AA132EB2858500B00CAA9E7 /* Release */,
			);
			defaultConfigurationIsVisible = 0;
			defaultConfigurationName = Release;
		};
		4AA132EC2858500B00CAA9E7 /* Build configuration list for PBXNativeTarget "swiftly (iOS)" */ = {
			isa = XCConfigurationList;
			buildConfigurations = (
				4AA132ED2858500B00CAA9E7 /* Debug */,
				4AA132EE2858500B00CAA9E7 /* Release */,
			);
			defaultConfigurationIsVisible = 0;
			defaultConfigurationName = Release;
		};
		4AA132EF2858500B00CAA9E7 /* Build configuration list for PBXNativeTarget "swiftly (macOS)" */ = {
			isa = XCConfigurationList;
			buildConfigurations = (
				4AA132F02858500B00CAA9E7 /* Debug */,
				4AA132F12858500B00CAA9E7 /* Release */,
			);
			defaultConfigurationIsVisible = 0;
			defaultConfigurationName = Release;
		};
		4AA132F22858500B00CAA9E7 /* Build configuration list for PBXNativeTarget "Tests iOS" */ = {
			isa = XCConfigurationList;
			buildConfigurations = (
				4AA132F32858500B00CAA9E7 /* Debug */,
				4AA132F42858500B00CAA9E7 /* Release */,
			);
			defaultConfigurationIsVisible = 0;
			defaultConfigurationName = Release;
		};
		4AA132F52858500B00CAA9E7 /* Build configuration list for PBXNativeTarget "Tests macOS" */ = {
			isa = XCConfigurationList;
			buildConfigurations = (
				4AA132F62858500B00CAA9E7 /* Debug */,
				4AA132F72858500B00CAA9E7 /* Release */,
			);
			defaultConfigurationIsVisible = 0;
			defaultConfigurationName = Release;
		};
/* End XCConfigurationList section */
	};
	rootObject = 4AA132B72858500300CAA9E7 /* Project object */;
}
